
Microsoft Visual Studio Solution File, Format Version 12.00
# Visual Studio Version 17
VisualStudioVersion = 17.0.32112.339
MinimumVisualStudioVersion = 10.0.40219.1
Project("{FAE04EC0-301F-11D3-BF4B-00C04F79EFBC}") = "WinFormsPersianDatePicker", "WinFormsPersianDatePicker.csproj", "{D70D36C5-167B-4595-921B-4F5082646965}"
EndProject
Project("{FAE04EC0-301F-11D3-BF4B-00C04F79EFBC}") = "WindowsFromsPersianDatePicker.Sample", "..\WindowsFromsPersianDatePicker.Sample\WindowsFromsPersianDatePicker.Sample.csproj", "{C5FF88A8-6AD3-46A5-A34E-724F90BCC85C}"
EndProject
Global
	GlobalSection(SolutionConfigurationPlatforms) = preSolution
		Debug|Any CPU = Debug|Any CPU
		Release|Any CPU = Release|Any CPU
	EndGlobalSection
	GlobalSection(ProjectConfigurationPlatforms) = postSolution
		{D70D36C5-167B-4595-921B-4F5082646965}.Debug|Any CPU.ActiveCfg = Debug|Any CPU
		{D70D36C5-167B-4595-921B-4F5082646965}.Debug|Any CPU.Build.0 = Debug|Any CPU
		{D70D36C5-167B-4595-921B-4F5082646965}.Release|Any CPU.ActiveCfg = Release|Any CPU
		{D70D36C5-167B-4595-921B-4F5082646965}.Release|Any CPU.Build.0 = Release|Any CPU
		{C5FF88A8-6AD3-46A5-A34E-724F90BCC85C}.Debug|Any CPU.ActiveCfg = Debug|Any CPU
		{C5FF88A8-6AD3-46A5-A34E-724F90BCC85C}.Debug|Any CPU.Build.0 = Debug|Any CPU
		{C5FF88A8-6AD3-46A5-A34E-724F90BCC85C}.Release|Any CPU.ActiveCfg = Release|Any CPU
		{C5FF88A8-6AD3-46A5-A34E-724F90BCC85C}.Release|Any CPU.Build.0 = Release|Any CPU
	EndGlobalSection
	GlobalSection(SolutionProperties) = preSolution
		HideSolutionNode = FALSE
	EndGlobalSection
	GlobalSection(ExtensibilityGlobals) = postSolution
		SolutionGuid = {64CD98D7-53D2-4ABA-9D3C-6763B1E579EE}
	EndGlobalSection
EndGlobal
